<?xml version="1.0" encoding="utf-8"?>
<Project ToolsVersion="4.0" xmlns="http://schemas.microsoft.com/developer/msbuild/2003">
  <ItemGroup>
    <Filter Include="Source Files">
      <UniqueIdentifier>{29852f7d-e2a8-421b-9d82-ab9c42686449}</UniqueIdentifier>
      <Extensions>cpp;c;cc;cxx;def;odl;idl;hpj;bat;asm;asmx</Extensions>
    </Filter>
    <Filter Include="Header Files">
      <UniqueIdentifier>{98e48201-0b54-418f-819c-0c32712c51f3}</UniqueIdentifier>
      <Extensions>h;hh;hpp;hxx;hm;inl;inc;xsd</Extensions>
    </Filter>
  </ItemGroup>
  <ItemGroup>
    <ClCompile Include="src\LoadedStageImpl.cpp">
      <Filter>Source Files</Filter>
    </ClCompile>
    <ClCompile Include="src\ModelLauncherDescriptorProvider.cpp">
      <Filter>Source Files</Filter>
    </ClCompile>
        <ClCompile Include="src\ModelLauncherPlugin.cpp">
      <Filter>Source Files</Filter>
    </ClCompile>
        <ClCompile Include="src\PreparedStageImpl.cpp">
      <Filter>Source Files</Filter>
    </ClCompile>
  </ItemGroup>
  <ItemGroup>
    <ClInclude Include="src\LoadedStageImpl.h">
      <Filter>Header Files</Filter>
    </ClInclude>
    <ClInclude Include="src\ModelLauncherDescriptorProvider.h">
      <Filter>Header Files</Filter>
    </ClInclude>
        <ClInclude Include="src\ModelLauncherNames.h">
      <Filter>Header Files</Filter>
    </ClInclude>
    <ClInclude Include="src\PreparedStageImpl.h">
      <Filter>Header Files</Filter>
    </ClInclude>
  </ItemGroup>
</Project>